Microsoft Visual Studio Solution File, Format Version 12.00
# Visual Studio Version 17
VisualStudioVersion = 17.5.2.0
MinimumVisualStudioVersion = 10.0.40219.1
Project("{FAE04EC0-301F-11D3-BF4B-00C04F79EFBC}") = "V3.Admin.Backend", "V3.Admin.Backend.csproj", "{45FDDE56-89EB-F26A-43BC-7F8A30BC304C}"
EndProject
Global
	GlobalSection(SolutionConfigurationPlatforms) = preSolution
		Debug|Any CPU = Debug|Any CPU
		Release|Any CPU = Release|Any CPU
	EndGlobalSection
	GlobalSection(ProjectConfigurationPlatforms) = postSolution
		{45FDDE56-89EB-F26A-43BC-7F8A30BC304C}.Debug|Any CPU.ActiveCfg = Debug|Any CPU
		{45FDDE56-89EB-F26A-43BC-7F8A30BC304C}.Debug|Any CPU.Build.0 = Debug|Any CPU
		{45FDDE56-89EB-F26A-43BC-7F8A30BC304C}.Release|Any CPU.ActiveCfg = Release|Any CPU
		{45FDDE56-89EB-F26A-43BC-7F8A30BC304C}.Release|Any CPU.Build.0 = Release|Any CPU
	EndGlobalSection
	GlobalSection(SolutionProperties) = preSolution
		HideSolutionNode = FALSE
	EndGlobalSection
	GlobalSection(ExtensibilityGlobals) = postSolution
		SolutionGuid = {9F70DFA0-2CF3-42DE-896D-29EA53F0FBD0}
	EndGlobalSection
EndGlobal
